
Microsoft Visual Studio Solution File, Format Version 12.00
# Visual Studio Version 16
VisualStudioVersion = 16.0.30517.126
MinimumVisualStudioVersion = 10.0.40219.1
Project("{2150E333-8FDC-42A3-9474-1A3956D46DE8}") = "Base (OOP)", "Base (OOP)", "{EE519408-5733-4148-B810-4A92B907E5C1}"
EndProject
Project("{FAE04EC0-301F-11D3-BF4B-00C04F79EFBC}") = "01_PartialClasses", "01_PartialClasses\01_PartialClasses.csproj", "{A1CF2E9D-72DA-480D-938D-5136FF56F67D}"
EndProject
Project("{FAE04EC0-301F-11D3-BF4B-00C04F79EFBC}") = "02_Association", "02_Association\02_Association.csproj", "{6332849A-B2D1-439B-A9AC-50C87DCA1D56}"
EndProject
Project("{FAE04EC0-301F-11D3-BF4B-00C04F79EFBC}") = "03_2_1", "03_2_1\03_2_1.csproj", "{9373DBDB-EB2C-4AD2-8F10-E3000782F50A}"
EndProject
Project("{FAE04EC0-301F-11D3-BF4B-00C04F79EFBC}") = "04_2_2", "04_2_2\04_2_2.csproj", "{DF806814-0F97-4990-9E90-C9D46C2631F8}"
EndProject
Project("{FAE04EC0-301F-11D3-BF4B-00C04F79EFBC}") = "05_2_3", "05_2_3\05_2_3.csproj", "{EFE84E7F-0E45-482E-8044-CE79E743FB9C}"
EndProject
Project("{FAE04EC0-301F-11D3-BF4B-00C04F79EFBC}") = "05_2_4", "05_2_4\05_2_4.csproj", "{CB7D9C4F-4716-4532-9DC9-C5FB6052774D}"
EndProject
Global
	GlobalSection(SolutionConfigurationPlatforms) = preSolution
		Debug|Any CPU = Debug|Any CPU
		Release|Any CPU = Release|Any CPU
	EndGlobalSection
	GlobalSection(ProjectConfigurationPlatforms) = postSolution
		{A1CF2E9D-72DA-480D-938D-5136FF56F67D}.Debug|Any CPU.ActiveCfg = Debug|Any CPU
		{A1CF2E9D-72DA-480D-938D-5136FF56F67D}.Debug|Any CPU.Build.0 = Debug|Any CPU
		{A1CF2E9D-72DA-480D-938D-5136FF56F67D}.Release|Any CPU.ActiveCfg = Release|Any CPU
		{A1CF2E9D-72DA-480D-938D-5136FF56F67D}.Release|Any CPU.Build.0 = Release|Any CPU
		{6332849A-B2D1-439B-A9AC-50C87DCA1D56}.Debug|Any CPU.ActiveCfg = Debug|Any CPU
		{6332849A-B2D1-439B-A9AC-50C87DCA1D56}.Debug|Any CPU.Build.0 = Debug|Any CPU
		{6332849A-B2D1-439B-A9AC-50C87DCA1D56}.Release|Any CPU.ActiveCfg = Release|Any CPU
		{6332849A-B2D1-439B-A9AC-50C87DCA1D56}.Release|Any CPU.Build.0 = Release|Any CPU
		{9373DBDB-EB2C-4AD2-8F10-E3000782F50A}.Debug|Any CPU.ActiveCfg = Debug|Any CPU
		{9373DBDB-EB2C-4AD2-8F10-E3000782F50A}.Debug|Any CPU.Build.0 = Debug|Any CPU
		{9373DBDB-EB2C-4AD2-8F10-E3000782F50A}.Release|Any CPU.ActiveCfg = Release|Any CPU
		{9373DBDB-EB2C-4AD2-8F10-E3000782F50A}.Release|Any CPU.Build.0 = Release|Any CPU
		{DF806814-0F97-4990-9E90-C9D46C2631F8}.Debug|Any CPU.ActiveCfg = Debug|Any CPU
		{DF806814-0F97-4990-9E90-C9D46C2631F8}.Debug|Any CPU.Build.0 = Debug|Any CPU
		{DF806814-0F97-4990-9E90-C9D46C2631F8}.Release|Any CPU.ActiveCfg = Release|Any CPU
		{DF806814-0F97-4990-9E90-C9D46C2631F8}.Release|Any CPU.Build.0 = Release|Any CPU
		{EFE84E7F-0E45-482E-8044-CE79E743FB9C}.Debug|Any CPU.ActiveCfg = Debug|Any CPU
		{EFE84E7F-0E45-482E-8044-CE79E743FB9C}.Debug|Any CPU.Build.0 = Debug|Any CPU
		{EFE84E7F-0E45-482E-8044-CE79E743FB9C}.Release|Any CPU.ActiveCfg = Release|Any CPU
		{EFE84E7F-0E45-482E-8044-CE79E743FB9C}.Release|Any CPU.Build.0 = Release|Any CPU
		{CB7D9C4F-4716-4532-9DC9-C5FB6052774D}.Debug|Any CPU.ActiveCfg = Debug|Any CPU
		{CB7D9C4F-4716-4532-9DC9-C5FB6052774D}.Debug|Any CPU.Build.0 = Debug|Any CPU
		{CB7D9C4F-4716-4532-9DC9-C5FB6052774D}.Release|Any CPU.ActiveCfg = Release|Any CPU
		{CB7D9C4F-4716-4532-9DC9-C5FB6052774D}.Release|Any CPU.Build.0 = Release|Any CPU
	EndGlobalSection
	GlobalSection(SolutionProperties) = preSolution
		HideSolutionNode = FALSE
	EndGlobalSection
	GlobalSection(NestedProjects) = preSolution
		{A1CF2E9D-72DA-480D-938D-5136FF56F67D} = {EE519408-5733-4148-B810-4A92B907E5C1}
		{6332849A-B2D1-439B-A9AC-50C87DCA1D56} = {EE519408-5733-4148-B810-4A92B907E5C1}
		{9373DBDB-EB2C-4AD2-8F10-E3000782F50A} = {EE519408-5733-4148-B810-4A92B907E5C1}
		{DF806814-0F97-4990-9E90-C9D46C2631F8} = {EE519408-5733-4148-B810-4A92B907E5C1}
		{EFE84E7F-0E45-482E-8044-CE79E743FB9C} = {EE519408-5733-4148-B810-4A92B907E5C1}
		{CB7D9C4F-4716-4532-9DC9-C5FB6052774D} = {EE519408-5733-4148-B810-4A92B907E5C1}
	EndGlobalSection
	GlobalSection(ExtensibilityGlobals) = postSolution
		SolutionGuid = {7AC750DA-73AA-41E4-8FE3-FCE838BB4582}
	EndGlobalSection
EndGlobal
