
Microsoft Visual Studio Solution File, Format Version 12.00
# Visual Studio Version 16
VisualStudioVersion = 16.0.30517.126
MinimumVisualStudioVersion = 10.0.40219.1
Project("{2150E333-8FDC-42A3-9474-1A3956D46DE8}") = "Base (OOP)", "Base (OOP)", "{EE519408-5733-4148-B810-4A92B907E5C1}"
EndProject
Project("{9A19103F-16F7-4668-BE54-9A1E7A4F7556}") = "01_PartialClasses", "01_PartialClasses\01_PartialClasses.csproj", "{A1CF2E9D-72DA-480D-938D-5136FF56F67D}"
EndProject
Project("{9A19103F-16F7-4668-BE54-9A1E7A4F7556}") = "02_Association", "02_Association\02_Association.csproj", "{6332849A-B2D1-439B-A9AC-50C87DCA1D56}"
EndProject
Project("{9A19103F-16F7-4668-BE54-9A1E7A4F7556}") = "03_2_1", "03_2_1\03_2_1.csproj", "{9373DBDB-EB2C-4AD2-8F10-E3000782F50A}"
EndProject
Project("{9A19103F-16F7-4668-BE54-9A1E7A4F7556}") = "04_2_2", "04_2_2\04_2_2.csproj", "{DF806814-0F97-4990-9E90-C9D46C2631F8}"
EndProject
Project("{9A19103F-16F7-4668-BE54-9A1E7A4F7556}") = "05_2_3", "05_2_3\05_2_3.csproj", "{EFE84E7F-0E45-482E-8044-CE79E743FB9C}"
EndProject
Project("{9A19103F-16F7-4668-BE54-9A1E7A4F7556}") = "05_2_4", "05_2_4\05_2_4.csproj", "{CB7D9C4F-4716-4532-9DC9-C5FB6052774D}"
EndProject
Project("{9A19103F-16F7-4668-BE54-9A1E7A4F7556}") = "06_Inheritance", "06_Ingeritance\06_Inheritance.csproj", "{22CB5C38-A64A-4487-A100-6824D197E6C4}"
EndProject
Project("{9A19103F-16F7-4668-BE54-9A1E7A4F7556}") = "07_Inheritance", "07_Inheritance\07_Inheritance.csproj", "{64DAA281-C082-497E-B180-A19A116EC5BE}"
EndProject
Project("{9A19103F-16F7-4668-BE54-9A1E7A4F7556}") = "08_Constructors", "08_Constructors\08_Constructors.csproj", "{1F5D9A6B-B00D-4F8E-AC47-552209A66C90}"
EndProject
Project("{9A19103F-16F7-4668-BE54-9A1E7A4F7556}") = "09_Inheritance", "09_Inheritance\09_Inheritance.csproj", "{8F7F6066-F59D-427D-AF89-D2EAF439451B}"
EndProject
Project("{9A19103F-16F7-4668-BE54-9A1E7A4F7556}") = "10_Virtual", "10_Virtual\10_Virtual.csproj", "{9EB679BE-491A-4F1E-9F1C-0D1EF7BC7E6A}"
EndProject
Project("{9A19103F-16F7-4668-BE54-9A1E7A4F7556}") = "11_Abstraction", "11_Abstraction\11_Abstraction.csproj", "{E897CED4-E6B7-4A37-8A87-D980CC2BE1BB}"
EndProject
Project("{9A19103F-16F7-4668-BE54-9A1E7A4F7556}") = "12_Abstraction", "12_Abstraction\12_Abstraction.csproj", "{84A2C132-C83F-4B1F-B3B5-874F4FBAEF13}"
EndProject
Project("{9A19103F-16F7-4668-BE54-9A1E7A4F7556}") = "13_Interfaces", "13_Interfaces\13_Interfaces.csproj", "{C5EB26B9-A9AD-4B35-A3AF-B507D69170F4}"
EndProject
Project("{9A19103F-16F7-4668-BE54-9A1E7A4F7556}") = "14_Interfaces", "14_Interfaces\14_Interfaces.csproj", "{6F2033AE-8427-4CE7-9BCE-C07F7446A2DE}"
EndProject
Project("{9A19103F-16F7-4668-BE54-9A1E7A4F7556}") = "15_Interfaces", "15_Interfaces\15_Interfaces.csproj", "{B35B8BCD-A513-440B-A73F-A8A57AAC3D16}"
EndProject
Project("{9A19103F-16F7-4668-BE54-9A1E7A4F7556}") = "16_Interfaces", "16_Interfaces\16_Interfaces.csproj", "{AC300A32-5DB3-4E59-B22B-3E3E63EE4470}"
EndProject
Project("{9A19103F-16F7-4668-BE54-9A1E7A4F7556}") = "17_Interfaces", "17_Interfaces\17_Interfaces.csproj", "{848AB3E2-7B44-401F-8565-F382ED7E2DBA}"
EndProject
Project("{9A19103F-16F7-4668-BE54-9A1E7A4F7556}") = "18_Arrays", "18_Arrays\18_Arrays.csproj", "{94F12360-1798-4F59-8DE3-FBA61842CFE3}"
EndProject
Project("{9A19103F-16F7-4668-BE54-9A1E7A4F7556}") = "19_Indexers", "19_Indexers\19_Indexers.csproj", "{329FA096-3674-4548-8A58-D034588F9FA7}"
EndProject
Project("{9A19103F-16F7-4668-BE54-9A1E7A4F7556}") = "20_Static", "20_Static\20_Static.csproj", "{5C6080F5-DAC9-4E53-87CA-2FB73BEAC123}"
EndProject
Project("{9A19103F-16F7-4668-BE54-9A1E7A4F7556}") = "21_Singleton", "21_Singleton\21_Singleton.csproj", "{5DB299FF-F2CC-4196-BD75-A934268151AF}"
EndProject
Project("{9A19103F-16F7-4668-BE54-9A1E7A4F7556}") = "22_Extension", "22_Extension\22_Extension.csproj", "{AB89B0BB-3548-498F-9A2E-85DE559285C1}"
EndProject
Project("{9A19103F-16F7-4668-BE54-9A1E7A4F7556}") = "23_Structure", "23_Structure\23_Structure.csproj", "{2BE475B0-15BB-4DEF-A835-0F07F179A2BF}"
EndProject
Project("{9A19103F-16F7-4668-BE54-9A1E7A4F7556}") = "14_Boxing", "14_Boxing\14_Boxing.csproj", "{205D62A6-456E-4DC4-8625-9E4FF6A5FE53}"
EndProject
Project("{9A19103F-16F7-4668-BE54-9A1E7A4F7556}") = "24_ArrayCovariant", "24_ArrayCovariant\24_ArrayCovariant.csproj", "{2E0BB6E3-4533-406B-86D2-4E12006EA7C0}"
EndProject
Project("{9A19103F-16F7-4668-BE54-9A1E7A4F7556}") = "25_Enums", "25_Enums\25_Enums.csproj", "{00451A66-722D-49DD-9C3D-DE1B4EE5117B}"
EndProject
Project("{9A19103F-16F7-4668-BE54-9A1E7A4F7556}") = "26_Delegates", "26_Delegates\26_Delegates.csproj", "{DD59BD68-C52D-4F76-A2CC-26905057E549}"
EndProject
Project("{9A19103F-16F7-4668-BE54-9A1E7A4F7556}") = "27_Delegates", "27_Delegates\27_Delegates.csproj", "{BA68065F-5133-418C-9638-402108DE1461}"
EndProject
Project("{9A19103F-16F7-4668-BE54-9A1E7A4F7556}") = "28_Delegates", "28_Delegates\28_Delegates.csproj", "{50254F3E-C609-4FD8-B0E3-CCCF75FB6DEA}"
EndProject
Project("{9A19103F-16F7-4668-BE54-9A1E7A4F7556}") = "29_Delegates", "29_Delegates\29_Delegates.csproj", "{7466F7EA-EEA3-4351-99E3-48FD73D7C3DB}"
EndProject
Project("{9A19103F-16F7-4668-BE54-9A1E7A4F7556}") = "30_Delegates", "30_Delegates\30_Delegates.csproj", "{7CBE075E-511E-4F49-A18C-459848809338}"
EndProject
Project("{9A19103F-16F7-4668-BE54-9A1E7A4F7556}") = "31_Delegates", "31_Delegates\31_Delegates.csproj", "{BEB87322-D244-4FB9-9B86-093B0FC8B2A1}"
EndProject
Project("{9A19103F-16F7-4668-BE54-9A1E7A4F7556}") = "32_Delegates", "32_Delegates\32_Delegates.csproj", "{EB70FBDE-F859-4E55-8C90-5F66F7CD37D1}"
EndProject
Project("{9A19103F-16F7-4668-BE54-9A1E7A4F7556}") = "33_Generics", "33_Generics\33_Generics.csproj", "{070A228D-4EB7-4B79-8133-2C5A47BB4E15}"
EndProject
Project("{9A19103F-16F7-4668-BE54-9A1E7A4F7556}") = "34_Generics", "34_Generics\34_Generics.csproj", "{802584F4-CDDE-4DDF-BDA1-2244887A7498}"
EndProject
Project("{9A19103F-16F7-4668-BE54-9A1E7A4F7556}") = "35_Generics", "35_Generics\35_Generics.csproj", "{3648D7D5-5A6B-4BD0-BA02-E84D935105F3}"
EndProject
Project("{9A19103F-16F7-4668-BE54-9A1E7A4F7556}") = "36_Generics", "36_Generics\36_Generics.csproj", "{FD8BBC12-9531-45E0-AF97-570F5A8355D2}"
EndProject
Project("{9A19103F-16F7-4668-BE54-9A1E7A4F7556}") = "37_Generics", "37_Generics\37_Generics.csproj", "{7729C76A-68BA-4445-8EF9-97D04B59CE74}"
EndProject
Project("{9A19103F-16F7-4668-BE54-9A1E7A4F7556}") = "38_Generics", "38_Generics\38_Generics.csproj", "{3D28869A-3F27-48BC-A906-ADE514495034}"
EndProject
Project("{9A19103F-16F7-4668-BE54-9A1E7A4F7556}") = "39_Constraint", "39_Constraint\39_Constraint.csproj", "{2A55AC75-F0CD-482B-BF93-7F91451EF0CD}"
EndProject
Project("{9A19103F-16F7-4668-BE54-9A1E7A4F7556}") = "40_NewConstraint", "40_NewConstraint\40_NewConstraint.csproj", "{E7123C3B-3C1C-43B7-AA07-B6DCB3835FC8}"
EndProject
Project("{FAE04EC0-301F-11D3-BF4B-00C04F79EFBC}") = "41_Events", "41_Events\41_Events.csproj", "{A178F703-0E8F-45AB-8347-FAC8870BEFD6}"
EndProject
Project("{FAE04EC0-301F-11D3-BF4B-00C04F79EFBC}") = "42_Events", "42_Events\42_Events.csproj", "{13D7D3B1-D33F-4995-974A-2E3438781F20}"
EndProject
Global
	GlobalSection(SolutionConfigurationPlatforms) = preSolution
		Debug|Any CPU = Debug|Any CPU
		Release|Any CPU = Release|Any CPU
	EndGlobalSection
	GlobalSection(ProjectConfigurationPlatforms) = postSolution
		{A1CF2E9D-72DA-480D-938D-5136FF56F67D}.Debug|Any CPU.ActiveCfg = Debug|Any CPU
		{A1CF2E9D-72DA-480D-938D-5136FF56F67D}.Debug|Any CPU.Build.0 = Debug|Any CPU
		{A1CF2E9D-72DA-480D-938D-5136FF56F67D}.Release|Any CPU.ActiveCfg = Release|Any CPU
		{A1CF2E9D-72DA-480D-938D-5136FF56F67D}.Release|Any CPU.Build.0 = Release|Any CPU
		{6332849A-B2D1-439B-A9AC-50C87DCA1D56}.Debug|Any CPU.ActiveCfg = Debug|Any CPU
		{6332849A-B2D1-439B-A9AC-50C87DCA1D56}.Debug|Any CPU.Build.0 = Debug|Any CPU
		{6332849A-B2D1-439B-A9AC-50C87DCA1D56}.Release|Any CPU.ActiveCfg = Release|Any CPU
		{6332849A-B2D1-439B-A9AC-50C87DCA1D56}.Release|Any CPU.Build.0 = Release|Any CPU
		{9373DBDB-EB2C-4AD2-8F10-E3000782F50A}.Debug|Any CPU.ActiveCfg = Debug|Any CPU
		{9373DBDB-EB2C-4AD2-8F10-E3000782F50A}.Debug|Any CPU.Build.0 = Debug|Any CPU
		{9373DBDB-EB2C-4AD2-8F10-E3000782F50A}.Release|Any CPU.ActiveCfg = Release|Any CPU
		{9373DBDB-EB2C-4AD2-8F10-E3000782F50A}.Release|Any CPU.Build.0 = Release|Any CPU
		{DF806814-0F97-4990-9E90-C9D46C2631F8}.Debug|Any CPU.ActiveCfg = Debug|Any CPU
		{DF806814-0F97-4990-9E90-C9D46C2631F8}.Debug|Any CPU.Build.0 = Debug|Any CPU
		{DF806814-0F97-4990-9E90-C9D46C2631F8}.Release|Any CPU.ActiveCfg = Release|Any CPU
		{DF806814-0F97-4990-9E90-C9D46C2631F8}.Release|Any CPU.Build.0 = Release|Any CPU
		{EFE84E7F-0E45-482E-8044-CE79E743FB9C}.Debug|Any CPU.ActiveCfg = Debug|Any CPU
		{EFE84E7F-0E45-482E-8044-CE79E743FB9C}.Debug|Any CPU.Build.0 = Debug|Any CPU
		{EFE84E7F-0E45-482E-8044-CE79E743FB9C}.Release|Any CPU.ActiveCfg = Release|Any CPU
		{EFE84E7F-0E45-482E-8044-CE79E743FB9C}.Release|Any CPU.Build.0 = Release|Any CPU
		{CB7D9C4F-4716-4532-9DC9-C5FB6052774D}.Debug|Any CPU.ActiveCfg = Debug|Any CPU
		{CB7D9C4F-4716-4532-9DC9-C5FB6052774D}.Debug|Any CPU.Build.0 = Debug|Any CPU
		{CB7D9C4F-4716-4532-9DC9-C5FB6052774D}.Release|Any CPU.ActiveCfg = Release|Any CPU
		{CB7D9C4F-4716-4532-9DC9-C5FB6052774D}.Release|Any CPU.Build.0 = Release|Any CPU
		{22CB5C38-A64A-4487-A100-6824D197E6C4}.Debug|Any CPU.ActiveCfg = Debug|Any CPU
		{22CB5C38-A64A-4487-A100-6824D197E6C4}.Debug|Any CPU.Build.0 = Debug|Any CPU
		{22CB5C38-A64A-4487-A100-6824D197E6C4}.Release|Any CPU.ActiveCfg = Release|Any CPU
		{22CB5C38-A64A-4487-A100-6824D197E6C4}.Release|Any CPU.Build.0 = Release|Any CPU
		{64DAA281-C082-497E-B180-A19A116EC5BE}.Debug|Any CPU.ActiveCfg = Debug|Any CPU
		{64DAA281-C082-497E-B180-A19A116EC5BE}.Debug|Any CPU.Build.0 = Debug|Any CPU
		{64DAA281-C082-497E-B180-A19A116EC5BE}.Release|Any CPU.ActiveCfg = Release|Any CPU
		{64DAA281-C082-497E-B180-A19A116EC5BE}.Release|Any CPU.Build.0 = Release|Any CPU
		{1F5D9A6B-B00D-4F8E-AC47-552209A66C90}.Debug|Any CPU.ActiveCfg = Debug|Any CPU
		{1F5D9A6B-B00D-4F8E-AC47-552209A66C90}.Debug|Any CPU.Build.0 = Debug|Any CPU
		{1F5D9A6B-B00D-4F8E-AC47-552209A66C90}.Release|Any CPU.ActiveCfg = Release|Any CPU
		{1F5D9A6B-B00D-4F8E-AC47-552209A66C90}.Release|Any CPU.Build.0 = Release|Any CPU
		{8F7F6066-F59D-427D-AF89-D2EAF439451B}.Debug|Any CPU.ActiveCfg = Debug|Any CPU
		{8F7F6066-F59D-427D-AF89-D2EAF439451B}.Debug|Any CPU.Build.0 = Debug|Any CPU
		{8F7F6066-F59D-427D-AF89-D2EAF439451B}.Release|Any CPU.ActiveCfg = Release|Any CPU
		{8F7F6066-F59D-427D-AF89-D2EAF439451B}.Release|Any CPU.Build.0 = Release|Any CPU
		{9EB679BE-491A-4F1E-9F1C-0D1EF7BC7E6A}.Debug|Any CPU.ActiveCfg = Debug|Any CPU
		{9EB679BE-491A-4F1E-9F1C-0D1EF7BC7E6A}.Debug|Any CPU.Build.0 = Debug|Any CPU
		{9EB679BE-491A-4F1E-9F1C-0D1EF7BC7E6A}.Release|Any CPU.ActiveCfg = Release|Any CPU
		{9EB679BE-491A-4F1E-9F1C-0D1EF7BC7E6A}.Release|Any CPU.Build.0 = Release|Any CPU
		{E897CED4-E6B7-4A37-8A87-D980CC2BE1BB}.Debug|Any CPU.ActiveCfg = Debug|Any CPU
		{E897CED4-E6B7-4A37-8A87-D980CC2BE1BB}.Debug|Any CPU.Build.0 = Debug|Any CPU
		{E897CED4-E6B7-4A37-8A87-D980CC2BE1BB}.Release|Any CPU.ActiveCfg = Release|Any CPU
		{E897CED4-E6B7-4A37-8A87-D980CC2BE1BB}.Release|Any CPU.Build.0 = Release|Any CPU
		{84A2C132-C83F-4B1F-B3B5-874F4FBAEF13}.Debug|Any CPU.ActiveCfg = Debug|Any CPU
		{84A2C132-C83F-4B1F-B3B5-874F4FBAEF13}.Debug|Any CPU.Build.0 = Debug|Any CPU
		{84A2C132-C83F-4B1F-B3B5-874F4FBAEF13}.Release|Any CPU.ActiveCfg = Release|Any CPU
		{84A2C132-C83F-4B1F-B3B5-874F4FBAEF13}.Release|Any CPU.Build.0 = Release|Any CPU
		{C5EB26B9-A9AD-4B35-A3AF-B507D69170F4}.Debug|Any CPU.ActiveCfg = Debug|Any CPU
		{C5EB26B9-A9AD-4B35-A3AF-B507D69170F4}.Debug|Any CPU.Build.0 = Debug|Any CPU
		{C5EB26B9-A9AD-4B35-A3AF-B507D69170F4}.Release|Any CPU.ActiveCfg = Release|Any CPU
		{C5EB26B9-A9AD-4B35-A3AF-B507D69170F4}.Release|Any CPU.Build.0 = Release|Any CPU
		{6F2033AE-8427-4CE7-9BCE-C07F7446A2DE}.Debug|Any CPU.ActiveCfg = Debug|Any CPU
		{6F2033AE-8427-4CE7-9BCE-C07F7446A2DE}.Debug|Any CPU.Build.0 = Debug|Any CPU
		{6F2033AE-8427-4CE7-9BCE-C07F7446A2DE}.Release|Any CPU.ActiveCfg = Release|Any CPU
		{6F2033AE-8427-4CE7-9BCE-C07F7446A2DE}.Release|Any CPU.Build.0 = Release|Any CPU
		{B35B8BCD-A513-440B-A73F-A8A57AAC3D16}.Debug|Any CPU.ActiveCfg = Debug|Any CPU
		{B35B8BCD-A513-440B-A73F-A8A57AAC3D16}.Debug|Any CPU.Build.0 = Debug|Any CPU
		{B35B8BCD-A513-440B-A73F-A8A57AAC3D16}.Release|Any CPU.ActiveCfg = Release|Any CPU
		{B35B8BCD-A513-440B-A73F-A8A57AAC3D16}.Release|Any CPU.Build.0 = Release|Any CPU
		{AC300A32-5DB3-4E59-B22B-3E3E63EE4470}.Debug|Any CPU.ActiveCfg = Debug|Any CPU
		{AC300A32-5DB3-4E59-B22B-3E3E63EE4470}.Debug|Any CPU.Build.0 = Debug|Any CPU
		{AC300A32-5DB3-4E59-B22B-3E3E63EE4470}.Release|Any CPU.ActiveCfg = Release|Any CPU
		{AC300A32-5DB3-4E59-B22B-3E3E63EE4470}.Release|Any CPU.Build.0 = Release|Any CPU
		{848AB3E2-7B44-401F-8565-F382ED7E2DBA}.Debug|Any CPU.ActiveCfg = Debug|Any CPU
		{848AB3E2-7B44-401F-8565-F382ED7E2DBA}.Debug|Any CPU.Build.0 = Debug|Any CPU
		{848AB3E2-7B44-401F-8565-F382ED7E2DBA}.Release|Any CPU.ActiveCfg = Release|Any CPU
		{848AB3E2-7B44-401F-8565-F382ED7E2DBA}.Release|Any CPU.Build.0 = Release|Any CPU
		{94F12360-1798-4F59-8DE3-FBA61842CFE3}.Debug|Any CPU.ActiveCfg = Debug|Any CPU
		{94F12360-1798-4F59-8DE3-FBA61842CFE3}.Debug|Any CPU.Build.0 = Debug|Any CPU
		{94F12360-1798-4F59-8DE3-FBA61842CFE3}.Release|Any CPU.ActiveCfg = Release|Any CPU
		{94F12360-1798-4F59-8DE3-FBA61842CFE3}.Release|Any CPU.Build.0 = Release|Any CPU
		{329FA096-3674-4548-8A58-D034588F9FA7}.Debug|Any CPU.ActiveCfg = Debug|Any CPU
		{329FA096-3674-4548-8A58-D034588F9FA7}.Debug|Any CPU.Build.0 = Debug|Any CPU
		{329FA096-3674-4548-8A58-D034588F9FA7}.Release|Any CPU.ActiveCfg = Release|Any CPU
		{329FA096-3674-4548-8A58-D034588F9FA7}.Release|Any CPU.Build.0 = Release|Any CPU
		{5C6080F5-DAC9-4E53-87CA-2FB73BEAC123}.Debug|Any CPU.ActiveCfg = Debug|Any CPU
		{5C6080F5-DAC9-4E53-87CA-2FB73BEAC123}.Debug|Any CPU.Build.0 = Debug|Any CPU
		{5C6080F5-DAC9-4E53-87CA-2FB73BEAC123}.Release|Any CPU.ActiveCfg = Release|Any CPU
		{5C6080F5-DAC9-4E53-87CA-2FB73BEAC123}.Release|Any CPU.Build.0 = Release|Any CPU
		{5DB299FF-F2CC-4196-BD75-A934268151AF}.Debug|Any CPU.ActiveCfg = Debug|Any CPU
		{5DB299FF-F2CC-4196-BD75-A934268151AF}.Debug|Any CPU.Build.0 = Debug|Any CPU
		{5DB299FF-F2CC-4196-BD75-A934268151AF}.Release|Any CPU.ActiveCfg = Release|Any CPU
		{5DB299FF-F2CC-4196-BD75-A934268151AF}.Release|Any CPU.Build.0 = Release|Any CPU
		{AB89B0BB-3548-498F-9A2E-85DE559285C1}.Debug|Any CPU.ActiveCfg = Debug|Any CPU
		{AB89B0BB-3548-498F-9A2E-85DE559285C1}.Debug|Any CPU.Build.0 = Debug|Any CPU
		{AB89B0BB-3548-498F-9A2E-85DE559285C1}.Release|Any CPU.ActiveCfg = Release|Any CPU
		{AB89B0BB-3548-498F-9A2E-85DE559285C1}.Release|Any CPU.Build.0 = Release|Any CPU
		{2BE475B0-15BB-4DEF-A835-0F07F179A2BF}.Debug|Any CPU.ActiveCfg = Debug|Any CPU
		{2BE475B0-15BB-4DEF-A835-0F07F179A2BF}.Debug|Any CPU.Build.0 = Debug|Any CPU
		{2BE475B0-15BB-4DEF-A835-0F07F179A2BF}.Release|Any CPU.ActiveCfg = Release|Any CPU
		{2BE475B0-15BB-4DEF-A835-0F07F179A2BF}.Release|Any CPU.Build.0 = Release|Any CPU
		{205D62A6-456E-4DC4-8625-9E4FF6A5FE53}.Debug|Any CPU.ActiveCfg = Debug|Any CPU
		{205D62A6-456E-4DC4-8625-9E4FF6A5FE53}.Debug|Any CPU.Build.0 = Debug|Any CPU
		{205D62A6-456E-4DC4-8625-9E4FF6A5FE53}.Release|Any CPU.ActiveCfg = Release|Any CPU
		{205D62A6-456E-4DC4-8625-9E4FF6A5FE53}.Release|Any CPU.Build.0 = Release|Any CPU
		{2E0BB6E3-4533-406B-86D2-4E12006EA7C0}.Debug|Any CPU.ActiveCfg = Debug|Any CPU
		{2E0BB6E3-4533-406B-86D2-4E12006EA7C0}.Debug|Any CPU.Build.0 = Debug|Any CPU
		{2E0BB6E3-4533-406B-86D2-4E12006EA7C0}.Release|Any CPU.ActiveCfg = Release|Any CPU
		{2E0BB6E3-4533-406B-86D2-4E12006EA7C0}.Release|Any CPU.Build.0 = Release|Any CPU
		{00451A66-722D-49DD-9C3D-DE1B4EE5117B}.Debug|Any CPU.ActiveCfg = Debug|Any CPU
		{00451A66-722D-49DD-9C3D-DE1B4EE5117B}.Debug|Any CPU.Build.0 = Debug|Any CPU
		{00451A66-722D-49DD-9C3D-DE1B4EE5117B}.Release|Any CPU.ActiveCfg = Release|Any CPU
		{00451A66-722D-49DD-9C3D-DE1B4EE5117B}.Release|Any CPU.Build.0 = Release|Any CPU
		{DD59BD68-C52D-4F76-A2CC-26905057E549}.Debug|Any CPU.ActiveCfg = Debug|Any CPU
		{DD59BD68-C52D-4F76-A2CC-26905057E549}.Debug|Any CPU.Build.0 = Debug|Any CPU
		{DD59BD68-C52D-4F76-A2CC-26905057E549}.Release|Any CPU.ActiveCfg = Release|Any CPU
		{DD59BD68-C52D-4F76-A2CC-26905057E549}.Release|Any CPU.Build.0 = Release|Any CPU
		{BA68065F-5133-418C-9638-402108DE1461}.Debug|Any CPU.ActiveCfg = Debug|Any CPU
		{BA68065F-5133-418C-9638-402108DE1461}.Debug|Any CPU.Build.0 = Debug|Any CPU
		{BA68065F-5133-418C-9638-402108DE1461}.Release|Any CPU.ActiveCfg = Release|Any CPU
		{BA68065F-5133-418C-9638-402108DE1461}.Release|Any CPU.Build.0 = Release|Any CPU
		{50254F3E-C609-4FD8-B0E3-CCCF75FB6DEA}.Debug|Any CPU.ActiveCfg = Debug|Any CPU
		{50254F3E-C609-4FD8-B0E3-CCCF75FB6DEA}.Debug|Any CPU.Build.0 = Debug|Any CPU
		{50254F3E-C609-4FD8-B0E3-CCCF75FB6DEA}.Release|Any CPU.ActiveCfg = Release|Any CPU
		{50254F3E-C609-4FD8-B0E3-CCCF75FB6DEA}.Release|Any CPU.Build.0 = Release|Any CPU
		{7466F7EA-EEA3-4351-99E3-48FD73D7C3DB}.Debug|Any CPU.ActiveCfg = Debug|Any CPU
		{7466F7EA-EEA3-4351-99E3-48FD73D7C3DB}.Debug|Any CPU.Build.0 = Debug|Any CPU
		{7466F7EA-EEA3-4351-99E3-48FD73D7C3DB}.Release|Any CPU.ActiveCfg = Release|Any CPU
		{7466F7EA-EEA3-4351-99E3-48FD73D7C3DB}.Release|Any CPU.Build.0 = Release|Any CPU
		{7CBE075E-511E-4F49-A18C-459848809338}.Debug|Any CPU.ActiveCfg = Debug|Any CPU
		{7CBE075E-511E-4F49-A18C-459848809338}.Debug|Any CPU.Build.0 = Debug|Any CPU
		{7CBE075E-511E-4F49-A18C-459848809338}.Release|Any CPU.ActiveCfg = Release|Any CPU
		{7CBE075E-511E-4F49-A18C-459848809338}.Release|Any CPU.Build.0 = Release|Any CPU
		{BEB87322-D244-4FB9-9B86-093B0FC8B2A1}.Debug|Any CPU.ActiveCfg = Debug|Any CPU
		{BEB87322-D244-4FB9-9B86-093B0FC8B2A1}.Debug|Any CPU.Build.0 = Debug|Any CPU
		{BEB87322-D244-4FB9-9B86-093B0FC8B2A1}.Release|Any CPU.ActiveCfg = Release|Any CPU
		{BEB87322-D244-4FB9-9B86-093B0FC8B2A1}.Release|Any CPU.Build.0 = Release|Any CPU
		{EB70FBDE-F859-4E55-8C90-5F66F7CD37D1}.Debug|Any CPU.ActiveCfg = Debug|Any CPU
		{EB70FBDE-F859-4E55-8C90-5F66F7CD37D1}.Debug|Any CPU.Build.0 = Debug|Any CPU
		{EB70FBDE-F859-4E55-8C90-5F66F7CD37D1}.Release|Any CPU.ActiveCfg = Release|Any CPU
		{EB70FBDE-F859-4E55-8C90-5F66F7CD37D1}.Release|Any CPU.Build.0 = Release|Any CPU
		{070A228D-4EB7-4B79-8133-2C5A47BB4E15}.Debug|Any CPU.ActiveCfg = Debug|Any CPU
		{070A228D-4EB7-4B79-8133-2C5A47BB4E15}.Debug|Any CPU.Build.0 = Debug|Any CPU
		{070A228D-4EB7-4B79-8133-2C5A47BB4E15}.Release|Any CPU.ActiveCfg = Release|Any CPU
		{070A228D-4EB7-4B79-8133-2C5A47BB4E15}.Release|Any CPU.Build.0 = Release|Any CPU
		{802584F4-CDDE-4DDF-BDA1-2244887A7498}.Debug|Any CPU.ActiveCfg = Debug|Any CPU
		{802584F4-CDDE-4DDF-BDA1-2244887A7498}.Debug|Any CPU.Build.0 = Debug|Any CPU
		{802584F4-CDDE-4DDF-BDA1-2244887A7498}.Release|Any CPU.ActiveCfg = Release|Any CPU
		{802584F4-CDDE-4DDF-BDA1-2244887A7498}.Release|Any CPU.Build.0 = Release|Any CPU
		{3648D7D5-5A6B-4BD0-BA02-E84D935105F3}.Debug|Any CPU.ActiveCfg = Debug|Any CPU
		{3648D7D5-5A6B-4BD0-BA02-E84D935105F3}.Debug|Any CPU.Build.0 = Debug|Any CPU
		{3648D7D5-5A6B-4BD0-BA02-E84D935105F3}.Release|Any CPU.ActiveCfg = Release|Any CPU
		{3648D7D5-5A6B-4BD0-BA02-E84D935105F3}.Release|Any CPU.Build.0 = Release|Any CPU
		{FD8BBC12-9531-45E0-AF97-570F5A8355D2}.Debug|Any CPU.ActiveCfg = Debug|Any CPU
		{FD8BBC12-9531-45E0-AF97-570F5A8355D2}.Debug|Any CPU.Build.0 = Debug|Any CPU
		{FD8BBC12-9531-45E0-AF97-570F5A8355D2}.Release|Any CPU.ActiveCfg = Release|Any CPU
		{FD8BBC12-9531-45E0-AF97-570F5A8355D2}.Release|Any CPU.Build.0 = Release|Any CPU
		{7729C76A-68BA-4445-8EF9-97D04B59CE74}.Debug|Any CPU.ActiveCfg = Debug|Any CPU
		{7729C76A-68BA-4445-8EF9-97D04B59CE74}.Debug|Any CPU.Build.0 = Debug|Any CPU
		{7729C76A-68BA-4445-8EF9-97D04B59CE74}.Release|Any CPU.ActiveCfg = Release|Any CPU
		{7729C76A-68BA-4445-8EF9-97D04B59CE74}.Release|Any CPU.Build.0 = Release|Any CPU
		{3D28869A-3F27-48BC-A906-ADE514495034}.Debug|Any CPU.ActiveCfg = Debug|Any CPU
		{3D28869A-3F27-48BC-A906-ADE514495034}.Debug|Any CPU.Build.0 = Debug|Any CPU
		{3D28869A-3F27-48BC-A906-ADE514495034}.Release|Any CPU.ActiveCfg = Release|Any CPU
		{3D28869A-3F27-48BC-A906-ADE514495034}.Release|Any CPU.Build.0 = Release|Any CPU
		{2A55AC75-F0CD-482B-BF93-7F91451EF0CD}.Debug|Any CPU.ActiveCfg = Debug|Any CPU
		{2A55AC75-F0CD-482B-BF93-7F91451EF0CD}.Debug|Any CPU.Build.0 = Debug|Any CPU
		{2A55AC75-F0CD-482B-BF93-7F91451EF0CD}.Release|Any CPU.ActiveCfg = Release|Any CPU
		{2A55AC75-F0CD-482B-BF93-7F91451EF0CD}.Release|Any CPU.Build.0 = Release|Any CPU
		{E7123C3B-3C1C-43B7-AA07-B6DCB3835FC8}.Debug|Any CPU.ActiveCfg = Debug|Any CPU
		{E7123C3B-3C1C-43B7-AA07-B6DCB3835FC8}.Debug|Any CPU.Build.0 = Debug|Any CPU
		{E7123C3B-3C1C-43B7-AA07-B6DCB3835FC8}.Release|Any CPU.ActiveCfg = Release|Any CPU
		{E7123C3B-3C1C-43B7-AA07-B6DCB3835FC8}.Release|Any CPU.Build.0 = Release|Any CPU
		{A178F703-0E8F-45AB-8347-FAC8870BEFD6}.Debug|Any CPU.ActiveCfg = Debug|Any CPU
		{A178F703-0E8F-45AB-8347-FAC8870BEFD6}.Debug|Any CPU.Build.0 = Debug|Any CPU
		{A178F703-0E8F-45AB-8347-FAC8870BEFD6}.Release|Any CPU.ActiveCfg = Release|Any CPU
		{A178F703-0E8F-45AB-8347-FAC8870BEFD6}.Release|Any CPU.Build.0 = Release|Any CPU
		{13D7D3B1-D33F-4995-974A-2E3438781F20}.Debug|Any CPU.ActiveCfg = Debug|Any CPU
		{13D7D3B1-D33F-4995-974A-2E3438781F20}.Debug|Any CPU.Build.0 = Debug|Any CPU
		{13D7D3B1-D33F-4995-974A-2E3438781F20}.Release|Any CPU.ActiveCfg = Release|Any CPU
		{13D7D3B1-D33F-4995-974A-2E3438781F20}.Release|Any CPU.Build.0 = Release|Any CPU
	EndGlobalSection
	GlobalSection(SolutionProperties) = preSolution
		HideSolutionNode = FALSE
	EndGlobalSection
	GlobalSection(NestedProjects) = preSolution
		{A1CF2E9D-72DA-480D-938D-5136FF56F67D} = {EE519408-5733-4148-B810-4A92B907E5C1}
		{6332849A-B2D1-439B-A9AC-50C87DCA1D56} = {EE519408-5733-4148-B810-4A92B907E5C1}
		{9373DBDB-EB2C-4AD2-8F10-E3000782F50A} = {EE519408-5733-4148-B810-4A92B907E5C1}
		{DF806814-0F97-4990-9E90-C9D46C2631F8} = {EE519408-5733-4148-B810-4A92B907E5C1}
		{EFE84E7F-0E45-482E-8044-CE79E743FB9C} = {EE519408-5733-4148-B810-4A92B907E5C1}
		{CB7D9C4F-4716-4532-9DC9-C5FB6052774D} = {EE519408-5733-4148-B810-4A92B907E5C1}
		{22CB5C38-A64A-4487-A100-6824D197E6C4} = {EE519408-5733-4148-B810-4A92B907E5C1}
		{64DAA281-C082-497E-B180-A19A116EC5BE} = {EE519408-5733-4148-B810-4A92B907E5C1}
		{1F5D9A6B-B00D-4F8E-AC47-552209A66C90} = {EE519408-5733-4148-B810-4A92B907E5C1}
		{8F7F6066-F59D-427D-AF89-D2EAF439451B} = {EE519408-5733-4148-B810-4A92B907E5C1}
		{9EB679BE-491A-4F1E-9F1C-0D1EF7BC7E6A} = {EE519408-5733-4148-B810-4A92B907E5C1}
		{E897CED4-E6B7-4A37-8A87-D980CC2BE1BB} = {EE519408-5733-4148-B810-4A92B907E5C1}
		{84A2C132-C83F-4B1F-B3B5-874F4FBAEF13} = {EE519408-5733-4148-B810-4A92B907E5C1}
		{C5EB26B9-A9AD-4B35-A3AF-B507D69170F4} = {EE519408-5733-4148-B810-4A92B907E5C1}
		{6F2033AE-8427-4CE7-9BCE-C07F7446A2DE} = {EE519408-5733-4148-B810-4A92B907E5C1}
		{B35B8BCD-A513-440B-A73F-A8A57AAC3D16} = {EE519408-5733-4148-B810-4A92B907E5C1}
		{AC300A32-5DB3-4E59-B22B-3E3E63EE4470} = {EE519408-5733-4148-B810-4A92B907E5C1}
		{848AB3E2-7B44-401F-8565-F382ED7E2DBA} = {EE519408-5733-4148-B810-4A92B907E5C1}
		{94F12360-1798-4F59-8DE3-FBA61842CFE3} = {EE519408-5733-4148-B810-4A92B907E5C1}
		{329FA096-3674-4548-8A58-D034588F9FA7} = {EE519408-5733-4148-B810-4A92B907E5C1}
		{5C6080F5-DAC9-4E53-87CA-2FB73BEAC123} = {EE519408-5733-4148-B810-4A92B907E5C1}
		{5DB299FF-F2CC-4196-BD75-A934268151AF} = {EE519408-5733-4148-B810-4A92B907E5C1}
		{AB89B0BB-3548-498F-9A2E-85DE559285C1} = {EE519408-5733-4148-B810-4A92B907E5C1}
		{2BE475B0-15BB-4DEF-A835-0F07F179A2BF} = {EE519408-5733-4148-B810-4A92B907E5C1}
		{205D62A6-456E-4DC4-8625-9E4FF6A5FE53} = {EE519408-5733-4148-B810-4A92B907E5C1}
		{2E0BB6E3-4533-406B-86D2-4E12006EA7C0} = {EE519408-5733-4148-B810-4A92B907E5C1}
		{00451A66-722D-49DD-9C3D-DE1B4EE5117B} = {EE519408-5733-4148-B810-4A92B907E5C1}
		{DD59BD68-C52D-4F76-A2CC-26905057E549} = {EE519408-5733-4148-B810-4A92B907E5C1}
		{BA68065F-5133-418C-9638-402108DE1461} = {EE519408-5733-4148-B810-4A92B907E5C1}
		{50254F3E-C609-4FD8-B0E3-CCCF75FB6DEA} = {EE519408-5733-4148-B810-4A92B907E5C1}
		{7466F7EA-EEA3-4351-99E3-48FD73D7C3DB} = {EE519408-5733-4148-B810-4A92B907E5C1}
		{7CBE075E-511E-4F49-A18C-459848809338} = {EE519408-5733-4148-B810-4A92B907E5C1}
		{BEB87322-D244-4FB9-9B86-093B0FC8B2A1} = {EE519408-5733-4148-B810-4A92B907E5C1}
		{EB70FBDE-F859-4E55-8C90-5F66F7CD37D1} = {EE519408-5733-4148-B810-4A92B907E5C1}
		{070A228D-4EB7-4B79-8133-2C5A47BB4E15} = {EE519408-5733-4148-B810-4A92B907E5C1}
		{802584F4-CDDE-4DDF-BDA1-2244887A7498} = {EE519408-5733-4148-B810-4A92B907E5C1}
		{3648D7D5-5A6B-4BD0-BA02-E84D935105F3} = {EE519408-5733-4148-B810-4A92B907E5C1}
		{FD8BBC12-9531-45E0-AF97-570F5A8355D2} = {EE519408-5733-4148-B810-4A92B907E5C1}
		{7729C76A-68BA-4445-8EF9-97D04B59CE74} = {EE519408-5733-4148-B810-4A92B907E5C1}
		{3D28869A-3F27-48BC-A906-ADE514495034} = {EE519408-5733-4148-B810-4A92B907E5C1}
		{2A55AC75-F0CD-482B-BF93-7F91451EF0CD} = {EE519408-5733-4148-B810-4A92B907E5C1}
		{E7123C3B-3C1C-43B7-AA07-B6DCB3835FC8} = {EE519408-5733-4148-B810-4A92B907E5C1}
		{A178F703-0E8F-45AB-8347-FAC8870BEFD6} = {EE519408-5733-4148-B810-4A92B907E5C1}
		{13D7D3B1-D33F-4995-974A-2E3438781F20} = {EE519408-5733-4148-B810-4A92B907E5C1}
	EndGlobalSection
	GlobalSection(ExtensibilityGlobals) = postSolution
		SolutionGuid = {7AC750DA-73AA-41E4-8FE3-FCE838BB4582}
	EndGlobalSection
EndGlobal
